
Microsoft Visual Studio Solution File, Format Version 12.00
# Visual Studio Version 17
VisualStudioVersion = 17.10.35201.131
MinimumVisualStudioVersion = 10.0.40219.1
Project("{FAE04EC0-301F-11D3-BF4B-00C04F79EFBC}") = "Entrada_Dados", "Entrada_Dados\Entrada_Dados.csproj", "{EC27B92D-A289-4DF7-82FD-D11ECEBF5C3F}"
EndProject
Global
	GlobalSection(SolutionConfigurationPlatforms) = preSolution
		Debug|Any CPU = Debug|Any CPU
		Release|Any CPU = Release|Any CPU
	EndGlobalSection
	GlobalSection(ProjectConfigurationPlatforms) = postSolution
		{EC27B92D-A289-4DF7-82FD-D11ECEBF5C3F}.Debug|Any CPU.ActiveCfg = Debug|Any CPU
		{EC27B92D-A289-4DF7-82FD-D11ECEBF5C3F}.Debug|Any CPU.Build.0 = Debug|Any CPU
		{EC27B92D-A289-4DF7-82FD-D11ECEBF5C3F}.Release|Any CPU.ActiveCfg = Release|Any CPU
		{EC27B92D-A289-4DF7-82FD-D11ECEBF5C3F}.Release|Any CPU.Build.0 = Release|Any CPU
	EndGlobalSection
	GlobalSection(SolutionProperties) = preSolution
		HideSolutionNode = FALSE
	EndGlobalSection
	GlobalSection(ExtensibilityGlobals) = postSolution
		SolutionGuid = {913EE1AA-07E1-4758-9BC1-986CADE74401}
	EndGlobalSection
EndGlobal
