
Microsoft Visual Studio Solution File, Format Version 12.00
# Visual Studio Version 17
VisualStudioVersion = 17.11.35303.130
MinimumVisualStudioVersion = 10.0.40219.1
Project("{FAE04EC0-301F-11D3-BF4B-00C04F79EFBC}") = "11-Switch", "11-Switch\11-Switch.csproj", "{AD7265A1-5A55-4FA3-B8FD-95FF7C7719B5}"
EndProject
Global
	GlobalSection(SolutionConfigurationPlatforms) = preSolution
		Debug|Any CPU = Debug|Any CPU
		Release|Any CPU = Release|Any CPU
	EndGlobalSection
	GlobalSection(ProjectConfigurationPlatforms) = postSolution
		{AD7265A1-5A55-4FA3-B8FD-95FF7C7719B5}.Debug|Any CPU.ActiveCfg = Debug|Any CPU
		{AD7265A1-5A55-4FA3-B8FD-95FF7C7719B5}.Debug|Any CPU.Build.0 = Debug|Any CPU
		{AD7265A1-5A55-4FA3-B8FD-95FF7C7719B5}.Release|Any CPU.ActiveCfg = Release|Any CPU
		{AD7265A1-5A55-4FA3-B8FD-95FF7C7719B5}.Release|Any CPU.Build.0 = Release|Any CPU
	EndGlobalSection
	GlobalSection(SolutionProperties) = preSolution
		HideSolutionNode = FALSE
	EndGlobalSection
	GlobalSection(ExtensibilityGlobals) = postSolution
		SolutionGuid = {02DE6CEE-EDF9-463A-99A1-C99DA27F8299}
	EndGlobalSection
EndGlobal
