
Microsoft Visual Studio Solution File, Format Version 12.00
# Visual Studio Version 17
VisualStudioVersion = 17.10.35201.131
MinimumVisualStudioVersion = 10.0.40219.1
Project("{FAE04EC0-301F-11D3-BF4B-00C04F79EFBC}") = "For", "For\For.csproj", "{3ED872CA-6AC2-4933-98E8-F1D2759C5AE5}"
EndProject
Global
	GlobalSection(SolutionConfigurationPlatforms) = preSolution
		Debug|Any CPU = Debug|Any CPU
		Release|Any CPU = Release|Any CPU
	EndGlobalSection
	GlobalSection(ProjectConfigurationPlatforms) = postSolution
		{3ED872CA-6AC2-4933-98E8-F1D2759C5AE5}.Debug|Any CPU.ActiveCfg = Debug|Any CPU
		{3ED872CA-6AC2-4933-98E8-F1D2759C5AE5}.Debug|Any CPU.Build.0 = Debug|Any CPU
		{3ED872CA-6AC2-4933-98E8-F1D2759C5AE5}.Release|Any CPU.ActiveCfg = Release|Any CPU
		{3ED872CA-6AC2-4933-98E8-F1D2759C5AE5}.Release|Any CPU.Build.0 = Release|Any CPU
	EndGlobalSection
	GlobalSection(SolutionProperties) = preSolution
		HideSolutionNode = FALSE
	EndGlobalSection
	GlobalSection(ExtensibilityGlobals) = postSolution
		SolutionGuid = {25895CAA-00EF-4D52-BBE4-B20E3F24FFC3}
	EndGlobalSection
EndGlobal
